// !$*UTF8*$!
{
	archiveVersion = 1;
	classes = {
	};
	objectVersion = 46;
	objects = {

/* Begin PBXBuildFile section */
		5A24ACF11DAD30A50085670B /* bookClass.swift in Sources */ = {isa = PBXBuildFile; fileRef = 5A24ACF01DAD30A50085670B /* bookClass.swift */; };
		5A313B101DAD1BF50087361D /* main.swift in Sources */ = {isa = PBXBuildFile; fileRef = 5A313B0F1DAD1BF50087361D /* main.swift */; };
		5A313B191DAD1C1D0087361D /* io.swift in Sources */ = {isa = PBXBuildFile; fileRef = 5A313B181DAD1C1D0087361D /* io.swift */; };
		5A313B1B1DAD1C390087361D /* libraryClass.swift in Sources */ = {isa = PBXBuildFile; fileRef = 5A313B1A1DAD1C390087361D /* libraryClass.swift */; };
/* End PBXBuildFile section */

/* Begin PBXCopyFilesBuildPhase section */
		5A313B0A1DAD1BF50087361D /* CopyFiles */ = {
			isa = PBXCopyFilesBuildPhase;
			buildActionMask = 2147483647;
			dstPath = /usr/share/man/man1/;
			dstSubfolderSpec = 0;
			files = (
			);
			runOnlyForDeploymentPostprocessing = 1;
		};
/* End PBXCopyFilesBuildPhase section */

/* Begin PBXFileReference section */
		5A24ACF01DAD30A50085670B /* bookClass.swift */ = {isa = PBXFileReference; fileEncoding = 4; lastKnownFileType = sourcecode.swift; path = bookClass.swift; sourceTree = "<group>"; };
		5A313B0C1DAD1BF50087361D /* TEKYLibrary-WJC */ = {isa = PBXFileReference; explicitFileType = "compiled.mach-o.executable"; includeInIndex = 0; path = "TEKYLibrary-WJC"; sourceTree = BUILT_PRODUCTS_DIR; };
		5A313B0F1DAD1BF50087361D /* main.swift */ = {isa = PBXFileReference; lastKnownFileType = sourcecode.swift; path = main.swift; sourceTree = "<group>"; };
		5A313B181DAD1C1D0087361D /* io.swift */ = {isa = PBXFileReference; fileEncoding = 4; lastKnownFileType = sourcecode.swift; path = io.swift; sourceTree = "<group>"; };
		5A313B1A1DAD1C390087361D /* libraryClass.swift */ = {isa = PBXFileReference; fileEncoding = 4; lastKnownFileType = sourcecode.swift; path = libraryClass.swift; sourceTree = "<group>"; };
		5A8E2DD41DAEB531007EABD8 /* checkedOutBooks.plist */ = {isa = PBXFileReference; fileEncoding = 4; lastKnownFileType = text.plist.xml; path = checkedOutBooks.plist; sourceTree = "<group>"; };
/* End PBXFileReference section */

/* Begin PBXFrameworksBuildPhase section */
		5A313B091DAD1BF50087361D /* Frameworks */ = {
			isa = PBXFrameworksBuildPhase;
			buildActionMask = 2147483647;
			files = (
			);
			runOnlyForDeploymentPostprocessing = 0;
		};
/* End PBXFrameworksBuildPhase section */

/* Begin PBXGroup section */
		5A313B031DAD1BF50087361D = {
			isa = PBXGroup;
			children = (
				5A313B0E1DAD1BF50087361D /* TEKYLibrary-WJC */,
				5A313B0D1DAD1BF50087361D /* Products */,
			);
			sourceTree = "<group>";
		};
		5A313B0D1DAD1BF50087361D /* Products */ = {
			isa = PBXGroup;
			children = (
				5A313B0C1DAD1BF50087361D /* TEKYLibrary-WJC */,
			);
			name = Products;
			sourceTree = "<group>";
		};
		5A313B0E1DAD1BF50087361D /* TEKYLibrary-WJC */ = {
			isa = PBXGroup;
			children = (
				5A313B0F1DAD1BF50087361D /* main.swift */,
				5A313B181DAD1C1D0087361D /* io.swift */,
				5A313B1A1DAD1C390087361D /* libraryClass.swift */,
				5A24ACF01DAD30A50085670B /* bookClass.swift */,
				5A8E2DD41DAEB531007EABD8 /* checkedOutBooks.plist */,
			);
			path = "TEKYLibrary-WJC";
			sourceTree = "<group>";
		};
/* End PBXGroup section */

/* Begin PBXNativeTarget section */
		5A313B0B1DAD1BF50087361D /* TEKYLibrary-WJC */ = {
			isa = PBXNativeTarget;
			buildConfigurationList = 5A313B131DAD1BF50087361D /* Build configuration list for PBXNativeTarget "TEKYLibrary-WJC" */;
			buildPhases = (
				5A313B081DAD1BF50087361D /* Sources */,
				5A313B091DAD1BF50087361D /* Frameworks */,
				5A313B0A1DAD1BF50087361D /* CopyFiles */,
			);
			buildRules = (
			);
			dependencies = (
			);
			name = "TEKYLibrary-WJC";
			productName = "TEKYLibrary-WJC";
			productReference = 5A313B0C1DAD1BF50087361D /* TEKYLibrary-WJC */;
			productType = "com.apple.product-type.tool";
		};
/* End PBXNativeTarget section */

/* Begin PBXProject section */
		5A313B041DAD1BF50087361D /* Project object */ = {
			isa = PBXProject;
			attributes = {
				LastSwiftUpdateCheck = 0800;
				LastUpgradeCheck = 0800;
				ORGANIZATIONNAME = "Will Carty";
				TargetAttributes = {
					5A313B0B1DAD1BF50087361D = {
						CreatedOnToolsVersion = 8.0;
						ProvisioningStyle = Automatic;
					};
				};
			};
			buildConfigurationList = 5A313B071DAD1BF50087361D /* Build configuration list for PBXProject "TEKYLibrary-WJC" */;
			compatibilityVersion = "Xcode 3.2";
			developmentRegion = English;
			hasScannedForEncodings = 0;
			knownRegions = (
				en,
			);
			mainGroup = 5A313B031DAD1BF50087361D;
			productRefGroup = 5A313B0D1DAD1BF50087361D /* Products */;
			projectDirPath = "";
			projectRoot = "";
			targets = (
				5A313B0B1DAD1BF50087361D /* TEKYLibrary-WJC */,
			);
		};
/* End PBXProject section */

/* Begin PBXSourcesBuildPhase section */
		5A313B081DAD1BF50087361D /* Sources */ = {
			isa = PBXSourcesBuildPhase;
			buildActionMask = 2147483647;
			files = (
				5A313B1B1DAD1C390087361D /* libraryClass.swift in Sources */,
				5A313B101DAD1BF50087361D /* main.swift in Sources */,
				5A313B191DAD1C1D0087361D /* io.swift in Sources */,
				5A24ACF11DAD30A50085670B /* bookClass.swift in Sources */,
			);
			runOnlyForDeploymentPostprocessing = 0;
		};
/* End PBXSourcesBuildPhase section */

/* Begin XCBuildConfiguration section */
		5A313B111DAD1BF50087361D /* Debug */ = {
			isa = XCBuildConfiguration;
			buildSettings = {
				ALWAYS_SEARCH_USER_PATHS = NO;
				CLANG_ANALYZER_NONNULL = YES;
				CLANG_CXX_LANGUAGE_STANDARD = "gnu++0x";
				CLANG_CXX_LIBRARY = "libc++";
				CLANG_ENABLE_MODULES = YES;
				CLANG_ENABLE_OBJC_ARC = YES;
				CLANG_WARN_BOOL_CONVERSION = YES;
				CLANG_WARN_CONSTANT_CONVERSION = YES;
				CLANG_WARN_DIRECT_OBJC_ISA_USAGE = YES_ERROR;
				CLANG_WARN_DOCUMENTATION_COMMENTS = YES;
				CLANG_WARN_EMPTY_BODY = YES;
				CLANG_WARN_ENUM_CONVERSION = YES;
				CLANG_WARN_INFINITE_RECURSION = YES;
				CLANG_WARN_INT_CONVERSION = YES;
				CLANG_WARN_OBJC_ROOT_CLASS = YES_ERROR;
				CLANG_WARN_SUSPICIOUS_MOVES = YES;
				CLANG_WARN_UNREACHABLE_CODE = YES;
				CLANG_WARN__DUPLICATE_METHOD_MATCH = YES;
				CODE_SIGN_IDENTITY = "-";
				COPY_PHASE_STRIP = NO;
				DEBUG_INFORMATION_FORMAT = dwarf;
				ENABLE_STRICT_OBJC_MSGSEND = YES;
				ENABLE_TESTABILITY = YES;
				GCC_C_LANGUAGE_STANDARD = gnu99;
				GCC_DYNAMIC_NO_PIC = NO;
				GCC_NO_COMMON_BLOCKS = YES;
				GCC_OPTIMIZATION_LEVEL = 0;
				GCC_PREPROCESSOR_DEFINITIONS = (
					"DEBUG=1",
					"$(inherited)",
				);
				GCC_WARN_64_TO_32_BIT_CONVERSION = YES;
				GCC_WARN_ABOUT_RETURN_TYPE = YES_ERROR;
				GCC_WARN_UNDECLARED_SELECTOR = YES;
				GCC_WARN_UNINITIALIZED_AUTOS = YES_AGGRESSIVE;
				GCC_WARN_UNUSED_FUNCTION = YES;
				GCC_WARN_UNUSED_VARIABLE = YES;
				MACOSX_DEPLOYMENT_TARGET = 10.11;
				MTL_ENABLE_DEBUG_INFO = YES;
				ONLY_ACTIVE_ARCH = YES;
				SDKROOT = macosx;
				SWIFT_OPTIMIZATION_LEVEL = "-Onone";
			};
			name = Debug;
		};
		5A313B121DAD1BF50087361D /* Release */ = {
			isa = XCBuildConfiguration;
			buildSettings = {
				ALWAYS_SEARCH_USER_PATHS = NO;
				CLANG_ANALYZER_NONNULL = YES;
				CLANG_CXX_LANGUAGE_STANDARD = "gnu++0x";
				CLANG_CXX_LIBRARY = "libc++";
				CLANG_ENABLE_MODULES = YES;
				CLANG_ENABLE_OBJC_ARC = YES;
				CLANG_WARN_BOOL_CONVERSION = YES;
				CLANG_WARN_CONSTANT_CONVERSION = YES;
				CLANG_WARN_DIRECT_OBJC_ISA_USAGE = YES_ERROR;
				CLANG_WARN_DOCUMENTATION_COMMENTS = YES;
				CLANG_WARN_EMPTY_BODY = YES;
				CLANG_WARN_ENUM_CONVERSION = YES;
				CLANG_WARN_INFINITE_RECURSION = YES;
				CLANG_WARN_INT_CONVERSION = YES;
				CLANG_WARN_OBJC_ROOT_CLASS = YES_ERROR;
				CLANG_WARN_SUSPICIOUS_MOVES = YES;
				CLANG_WARN_UNREACHABLE_CODE = YES;
				CLANG_WARN__DUPLICATE_METHOD_MATCH = YES;
				CODE_SIGN_IDENTITY = "-";
				COPY_PHASE_STRIP = NO;
				DEBUG_INFORMATION_FORMAT = "dwarf-with-dsym";
				ENABLE_NS_ASSERTIONS = NO;
				ENABLE_STRICT_OBJC_MSGSEND = YES;
				GCC_C_LANGUAGE_STANDARD = gnu99;
				GCC_NO_COMMON_BLOCKS = YES;
				GCC_WARN_64_TO_32_BIT_CONVERSION = YES;
				GCC_WARN_ABOUT_RETURN_TYPE = YES_ERROR;
				GCC_WARN_UNDECLARED_SELECTOR = YES;
				GCC_WARN_UNINITIALIZED_AUTOS = YES_AGGRESSIVE;
				GCC_WARN_UNUSED_FUNCTION = YES;
				GCC_WARN_UNUSED_VARIABLE = YES;
				MACOSX_DEPLOYMENT_TARGET = 10.11;
				MTL_ENABLE_DEBUG_INFO = NO;
				SDKROOT = macosx;
			};
			name = Release;
		};
		5A313B141DAD1BF50087361D /* Debug */ = {
			isa = XCBuildConfiguration;
			buildSettings = {
				PRODUCT_NAME = "$(TARGET_NAME)";
				SWIFT_VERSION = 3.0;
			};
			name = Debug;
		};
		5A313B151DAD1BF50087361D /* Release */ = {
			isa = XCBuildConfiguration;
			buildSettings = {
				PRODUCT_NAME = "$(TARGET_NAME)";
				SWIFT_VERSION = 3.0;
			};
			name = Release;
		};
/* End XCBuildConfiguration section */

/* Begin XCConfigurationList section */
		5A313B071DAD1BF50087361D /* Build configuration list for PBXProject "TEKYLibrary-WJC" */ = {
			isa = XCConfigurationList;
			buildConfigurations = (
				5A313B111DAD1BF50087361D /* Debug */,
				5A313B121DAD1BF50087361D /* Release */,
			);
			defaultConfigurationIsVisible = 0;
			defaultConfigurationName = Release;
		};
		5A313B131DAD1BF50087361D /* Build configuration list for PBXNativeTarget "TEKYLibrary-WJC" */ = {
			isa = XCConfigurationList;
			buildConfigurations = (
				5A313B141DAD1BF50087361D /* Debug */,
				5A313B151DAD1BF50087361D /* Release */,
			);
			defaultConfigurationIsVisible = 0;
			defaultConfigurationName = Release;
		};
/* End XCConfigurationList section */
	};
	rootObject = 5A313B041DAD1BF50087361D /* Project object */;
}
